// !$*UTF8*$!
{
	archiveVersion = 1;
	classes = {
	};
	objectVersion = 56;
	objects = {

/* Begin PBXBuildFile section */
		DC1175C02BCC6CFD0072FDAC /* DetailView.swift in Sources */ = {isa = PBXBuildFile; fileRef = DC1175BF2BCC6CFD0072FDAC /* DetailView.swift */; };
		DC8BB7992BC5F393005DA046 /* BookwormApp.swift in Sources */ = {isa = PBXBuildFile; fileRef = DC8BB7982BC5F393005DA046 /* BookwormApp.swift */; };
		DC8BB79B2BC5F393005DA046 /* ContentView.swift in Sources */ = {isa = PBXBuildFile; fileRef = DC8BB79A2BC5F393005DA046 /* ContentView.swift */; };
		DC8BB79D2BC5F394005DA046 /* Assets.xcassets in Resources */ = {isa = PBXBuildFile; fileRef = DC8BB79C2BC5F394005DA046 /* Assets.xcassets */; };
		DC8BB7A02BC5F394005DA046 /* Preview Assets.xcassets in Resources */ = {isa = PBXBuildFile; fileRef = DC8BB79F2BC5F394005DA046 /* Preview Assets.xcassets */; };
		DC8BB7AA2BC5F395005DA046 /* BookwormTests.swift in Sources */ = {isa = PBXBuildFile; fileRef = DC8BB7A92BC5F395005DA046 /* BookwormTests.swift */; };
		DC8BB7B42BC5F395005DA046 /* BookwormUITests.swift in Sources */ = {isa = PBXBuildFile; fileRef = DC8BB7B32BC5F395005DA046 /* BookwormUITests.swift */; };
		DC8BB7B62BC5F395005DA046 /* BookwormUITestsLaunchTests.swift in Sources */ = {isa = PBXBuildFile; fileRef = DC8BB7B52BC5F395005DA046 /* BookwormUITestsLaunchTests.swift */; };
		DC8BB7C52BC602A3005DA046 /* Book.swift in Sources */ = {isa = PBXBuildFile; fileRef = DC8BB7C42BC602A3005DA046 /* Book.swift */; };
		DC8BB7C72BC6033F005DA046 /* AddBookView.swift in Sources */ = {isa = PBXBuildFile; fileRef = DC8BB7C62BC6033F005DA046 /* AddBookView.swift */; };
		DC8BB7C92BC60966005DA046 /* RatingView.swift in Sources */ = {isa = PBXBuildFile; fileRef = DC8BB7C82BC60966005DA046 /* RatingView.swift */; };
		DC8BB7CB2BC60CF1005DA046 /* EmojiRatingView.swift in Sources */ = {isa = PBXBuildFile; fileRef = DC8BB7CA2BC60CF1005DA046 /* EmojiRatingView.swift */; };
/* End PBXBuildFile section */

/* Begin PBXContainerItemProxy section */
		DC8BB7A62BC5F395005DA046 /* PBXContainerItemProxy */ = {
			isa = PBXContainerItemProxy;
			containerPortal = DC8BB78D2BC5F393005DA046 /* Project object */;
			proxyType = 1;
			remoteGlobalIDString = DC8BB7942BC5F393005DA046;
			remoteInfo = Bookworm;
		};
		DC8BB7B02BC5F395005DA046 /* PBXContainerItemProxy */ = {
			isa = PBXContainerItemProxy;
			containerPortal = DC8BB78D2BC5F393005DA046 /* Project object */;
			proxyType = 1;
			remoteGlobalIDString = DC8BB7942BC5F393005DA046;
			remoteInfo = Bookworm;
		};
/* End PBXContainerItemProxy section */

/* Begin PBXFileReference section */
		DC1175BF2BCC6CFD0072FDAC /* DetailView.swift */ = {isa = PBXFileReference; lastKnownFileType = sourcecode.swift; path = DetailView.swift; sourceTree = "<group>"; };
		DC8BB7952BC5F393005DA046 /* Bookworm.app */ = {isa = PBXFileReference; explicitFileType = wrapper.application; includeInIndex = 0; path = Bookworm.app; sourceTree = BUILT_PRODUCTS_DIR; };
		DC8BB7982BC5F393005DA046 /* BookwormApp.swift */ = {isa = PBXFileReference; lastKnownFileType = sourcecode.swift; path = BookwormApp.swift; sourceTree = "<group>"; };
		DC8BB79A2BC5F393005DA046 /* ContentView.swift */ = {isa = PBXFileReference; lastKnownFileType = sourcecode.swift; path = ContentView.swift; sourceTree = "<group>"; };
		DC8BB79C2BC5F394005DA046 /* Assets.xcassets */ = {isa = PBXFileReference; lastKnownFileType = folder.assetcatalog; path = Assets.xcassets; sourceTree = "<group>"; };
		DC8BB79F2BC5F394005DA046 /* Preview Assets.xcassets */ = {isa = PBXFileReference; lastKnownFileType = folder.assetcatalog; path = "Preview Assets.xcassets"; sourceTree = "<group>"; };
		DC8BB7A52BC5F395005DA046 /* BookwormTests.xctest */ = {isa = PBXFileReference; explicitFileType = wrapper.cfbundle; includeInIndex = 0; path = BookwormTests.xctest; sourceTree = BUILT_PRODUCTS_DIR; };
		DC8BB7A92BC5F395005DA046 /* BookwormTests.swift */ = {isa = PBXFileReference; lastKnownFileType = sourcecode.swift; path = BookwormTests.swift; sourceTree = "<group>"; };
		DC8BB7AF2BC5F395005DA046 /* BookwormUITests.xctest */ = {isa = PBXFileReference; explicitFileType = wrapper.cfbundle; includeInIndex = 0; path = BookwormUITests.xctest; sourceTree = BUILT_PRODUCTS_DIR; };
		DC8BB7B32BC5F395005DA046 /* BookwormUITests.swift */ = {isa = PBXFileReference; lastKnownFileType = sourcecode.swift; path = BookwormUITests.swift; sourceTree = "<group>"; };
		DC8BB7B52BC5F395005DA046 /* BookwormUITestsLaunchTests.swift */ = {isa = PBXFileReference; lastKnownFileType = sourcecode.swift; path = BookwormUITestsLaunchTests.swift; sourceTree = "<group>"; };
		DC8BB7C42BC602A3005DA046 /* Book.swift */ = {isa = PBXFileReference; lastKnownFileType = sourcecode.swift; path = Book.swift; sourceTree = "<group>"; };
		DC8BB7C62BC6033F005DA046 /* AddBookView.swift */ = {isa = PBXFileReference; lastKnownFileType = sourcecode.swift; path = AddBookView.swift; sourceTree = "<group>"; };
		DC8BB7C82BC60966005DA046 /* RatingView.swift */ = {isa = PBXFileReference; lastKnownFileType = sourcecode.swift; path = RatingView.swift; sourceTree = "<group>"; };
		DC8BB7CA2BC60CF1005DA046 /* EmojiRatingView.swift */ = {isa = PBXFileReference; lastKnownFileType = sourcecode.swift; path = EmojiRatingView.swift; sourceTree = "<group>"; };
/* End PBXFileReference section */

/* Begin PBXFrameworksBuildPhase section */
		DC8BB7922BC5F393005DA046 /* Frameworks */ = {
			isa = PBXFrameworksBuildPhase;
			buildActionMask = 2147483647;
			files = (
			);
			runOnlyForDeploymentPostprocessing = 0;
		};
		DC8BB7A22BC5F395005DA046 /* Frameworks */ = {
			isa = PBXFrameworksBuildPhase;
			buildActionMask = 2147483647;
			files = (
			);
			runOnlyForDeploymentPostprocessing = 0;
		};
		DC8BB7AC2BC5F395005DA046 /* Frameworks */ = {
			isa = PBXFrameworksBuildPhase;
			buildActionMask = 2147483647;
			files = (
			);
			runOnlyForDeploymentPostprocessing = 0;
		};
/* End PBXFrameworksBuildPhase section */

/* Begin PBXGroup section */
		DC8BB78C2BC5F393005DA046 = {
			isa = PBXGroup;
			children = (
				DC8BB7972BC5F393005DA046 /* Bookworm */,
				DC8BB7A82BC5F395005DA046 /* BookwormTests */,
				DC8BB7B22BC5F395005DA046 /* BookwormUITests */,
				DC8BB7962BC5F393005DA046 /* Products */,
			);
			sourceTree = "<group>";
		};
		DC8BB7962BC5F393005DA046 /* Products */ = {
			isa = PBXGroup;
			children = (
				DC8BB7952BC5F393005DA046 /* Bookworm.app */,
				DC8BB7A52BC5F395005DA046 /* BookwormTests.xctest */,
				DC8BB7AF2BC5F395005DA046 /* BookwormUITests.xctest */,
			);
			name = Products;
			sourceTree = "<group>";
		};
		DC8BB7972BC5F393005DA046 /* Bookworm */ = {
			isa = PBXGroup;
			children = (
				DC8BB7982BC5F393005DA046 /* BookwormApp.swift */,
				DC8BB79A2BC5F393005DA046 /* ContentView.swift */,
				DC8BB7CA2BC60CF1005DA046 /* EmojiRatingView.swift */,
				DC8BB7C82BC60966005DA046 /* RatingView.swift */,
				DC8BB7C62BC6033F005DA046 /* AddBookView.swift */,
				DC8BB7C42BC602A3005DA046 /* Book.swift */,
				DC8BB79C2BC5F394005DA046 /* Assets.xcassets */,
				DC8BB79E2BC5F394005DA046 /* Preview Content */,
				DC1175BF2BCC6CFD0072FDAC /* DetailView.swift */,
			);
			path = Bookworm;
			sourceTree = "<group>";
		};
		DC8BB79E2BC5F394005DA046 /* Preview Content */ = {
			isa = PBXGroup;
			children = (
				DC8BB79F2BC5F394005DA046 /* Preview Assets.xcassets */,
			);
			path = "Preview Content";
			sourceTree = "<group>";
		};
		DC8BB7A82BC5F395005DA046 /* BookwormTests */ = {
			isa = PBXGroup;
			children = (
				DC8BB7A92BC5F395005DA046 /* BookwormTests.swift */,
			);
			path = BookwormTests;
			sourceTree = "<group>";
		};
		DC8BB7B22BC5F395005DA046 /* BookwormUITests */ = {
			isa = PBXGroup;
			children = (
				DC8BB7B32BC5F395005DA046 /* BookwormUITests.swift */,
				DC8BB7B52BC5F395005DA046 /* BookwormUITestsLaunchTests.swift */,
			);
			path = BookwormUITests;
			sourceTree = "<group>";
		};
/* End PBXGroup section */

/* Begin PBXNativeTarget section */
		DC8BB7942BC5F393005DA046 /* Bookworm */ = {
			isa = PBXNativeTarget;
			buildConfigurationList = DC8BB7B92BC5F395005DA046 /* Build configuration list for PBXNativeTarget "Bookworm" */;
			buildPhases = (
				DC8BB7912BC5F393005DA046 /* Sources */,
				DC8BB7922BC5F393005DA046 /* Frameworks */,
				DC8BB7932BC5F393005DA046 /* Resources */,
			);
			buildRules = (
			);
			dependencies = (
			);
			name = Bookworm;
			productName = Bookworm;
			productReference = DC8BB7952BC5F393005DA046 /* Bookworm.app */;
			productType = "com.apple.product-type.application";
		};
		DC8BB7A42BC5F395005DA046 /* BookwormTests */ = {
			isa = PBXNativeTarget;
			buildConfigurationList = DC8BB7BC2BC5F395005DA046 /* Build configuration list for PBXNativeTarget "BookwormTests" */;
			buildPhases = (
				DC8BB7A12BC5F395005DA046 /* Sources */,
				DC8BB7A22BC5F395005DA046 /* Frameworks */,
				DC8BB7A32BC5F395005DA046 /* Resources */,
			);
			buildRules = (
			);
			dependencies = (
				DC8BB7A72BC5F395005DA046 /* PBXTargetDependency */,
			);
			name = BookwormTests;
			productName = BookwormTests;
			productReference = DC8BB7A52BC5F395005DA046 /* BookwormTests.xctest */;
			productType = "com.apple.product-type.bundle.unit-test";
		};
		DC8BB7AE2BC5F395005DA046 /* BookwormUITests */ = {
			isa = PBXNativeTarget;
			buildConfigurationList = DC8BB7BF2BC5F395005DA046 /* Build configuration list for PBXNativeTarget "BookwormUITests" */;
			buildPhases = (
				DC8BB7AB2BC5F395005DA046 /* Sources */,
				DC8BB7AC2BC5F395005DA046 /* Frameworks */,
				DC8BB7AD2BC5F395005DA046 /* Resources */,
			);
			buildRules = (
			);
			dependencies = (
				DC8BB7B12BC5F395005DA046 /* PBXTargetDependency */,
			);
			name = BookwormUITests;
			productName = BookwormUITests;
			productReference = DC8BB7AF2BC5F395005DA046 /* BookwormUITests.xctest */;
			productType = "com.apple.product-type.bundle.ui-testing";
		};
/* End PBXNativeTarget section */

/* Begin PBXProject section */
		DC8BB78D2BC5F393005DA046 /* Project object */ = {
			isa = PBXProject;
			attributes = {
				BuildIndependentTargetsInParallel = 1;
				LastSwiftUpdateCheck = 1520;
				LastUpgradeCheck = 1520;
				TargetAttributes = {
					DC8BB7942BC5F393005DA046 = {
						CreatedOnToolsVersion = 15.2;
					};
					DC8BB7A42BC5F395005DA046 = {
						CreatedOnToolsVersion = 15.2;
						TestTargetID = DC8BB7942BC5F393005DA046;
					};
					DC8BB7AE2BC5F395005DA046 = {
						CreatedOnToolsVersion = 15.2;
						TestTargetID = DC8BB7942BC5F393005DA046;
					};
				};
			};
			buildConfigurationList = DC8BB7902BC5F393005DA046 /* Build configuration list for PBXProject "Bookworm" */;
			compatibilityVersion = "Xcode 14.0";
			developmentRegion = en;
			hasScannedForEncodings = 0;
			knownRegions = (
				en,
				Base,
			);
			mainGroup = DC8BB78C2BC5F393005DA046;
			productRefGroup = DC8BB7962BC5F393005DA046 /* Products */;
			projectDirPath = "";
			projectRoot = "";
			targets = (
				DC8BB7942BC5F393005DA046 /* Bookworm */,
				DC8BB7A42BC5F395005DA046 /* BookwormTests */,
				DC8BB7AE2BC5F395005DA046 /* BookwormUITests */,
			);
		};
/* End PBXProject section */

/* Begin PBXResourcesBuildPhase section */
		DC8BB7932BC5F393005DA046 /* Resources */ = {
			isa = PBXResourcesBuildPhase;
			buildActionMask = 2147483647;
			files = (
				DC8BB7A02BC5F394005DA046 /* Preview Assets.xcassets in Resources */,
				DC8BB79D2BC5F394005DA046 /* Assets.xcassets in Resources */,
			);
			runOnlyForDeploymentPostprocessing = 0;
		};
		DC8BB7A32BC5F395005DA046 /* Resources */ = {
			isa = PBXResourcesBuildPhase;
			buildActionMask = 2147483647;
			files = (
			);
			runOnlyForDeploymentPostprocessing = 0;
		};
		DC8BB7AD2BC5F395005DA046 /* Resources */ = {
			isa = PBXResourcesBuildPhase;
			buildActionMask = 2147483647;
			files = (
			);
			runOnlyForDeploymentPostprocessing = 0;
		};
/* End PBXResourcesBuildPhase section */

/* Begin PBXSourcesBuildPhase section */
		DC8BB7912BC5F393005DA046 /* Sources */ = {
			isa = PBXSourcesBuildPhase;
			buildActionMask = 2147483647;
			files = (
				DC8BB79B2BC5F393005DA046 /* ContentView.swift in Sources */,
				DC8BB7992BC5F393005DA046 /* BookwormApp.swift in Sources */,
				DC8BB7C52BC602A3005DA046 /* Book.swift in Sources */,
				DC1175C02BCC6CFD0072FDAC /* DetailView.swift in Sources */,
				DC8BB7C92BC60966005DA046 /* RatingView.swift in Sources */,
				DC8BB7CB2BC60CF1005DA046 /* EmojiRatingView.swift in Sources */,
				DC8BB7C72BC6033F005DA046 /* AddBookView.swift in Sources */,
			);
			runOnlyForDeploymentPostprocessing = 0;
		};
		DC8BB7A12BC5F395005DA046 /* Sources */ = {
			isa = PBXSourcesBuildPhase;
			buildActionMask = 2147483647;
			files = (
				DC8BB7AA2BC5F395005DA046 /* BookwormTests.swift in Sources */,
			);
			runOnlyForDeploymentPostprocessing = 0;
		};
		DC8BB7AB2BC5F395005DA046 /* Sources */ = {
			isa = PBXSourcesBuildPhase;
			buildActionMask = 2147483647;
			files = (
				DC8BB7B62BC5F395005DA046 /* BookwormUITestsLaunchTests.swift in Sources */,
				DC8BB7B42BC5F395005DA046 /* BookwormUITests.swift in Sources */,
			);
			runOnlyForDeploymentPostprocessing = 0;
		};
/* End PBXSourcesBuildPhase section */

/* Begin PBXTargetDependency section */
		DC8BB7A72BC5F395005DA046 /* PBXTargetDependency */ = {
			isa = PBXTargetDependency;
			target = DC8BB7942BC5F393005DA046 /* Bookworm */;
			targetProxy = DC8BB7A62BC5F395005DA046 /* PBXContainerItemProxy */;
		};
		DC8BB7B12BC5F395005DA046 /* PBXTargetDependency */ = {
			isa = PBXTargetDependency;
			target = DC8BB7942BC5F393005DA046 /* Bookworm */;
			targetProxy = DC8BB7B02BC5F395005DA046 /* PBXContainerItemProxy */;
		};
/* End PBXTargetDependency section */

/* Begin XCBuildConfiguration section */
		DC8BB7B72BC5F395005DA046 /* Debug */ = {
			isa = XCBuildConfiguration;
			buildSettings = {
				ALWAYS_SEARCH_USER_PATHS = NO;
				ASSETCATALOG_COMPILER_GENERATE_SWIFT_ASSET_SYMBOL_EXTENSIONS = YES;
				CLANG_ANALYZER_NONNULL = YES;
				CLANG_ANALYZER_NUMBER_OBJECT_CONVERSION = YES_AGGRESSIVE;
				CLANG_CXX_LANGUAGE_STANDARD = "gnu++20";
				CLANG_ENABLE_MODULES = YES;
				CLANG_ENABLE_OBJC_ARC = YES;
				CLANG_ENABLE_OBJC_WEAK = YES;
				CLANG_WARN_BLOCK_CAPTURE_AUTORELEASING = YES;
				CLANG_WARN_BOOL_CONVERSION = YES;
				CLANG_WARN_COMMA = YES;
				CLANG_WARN_CONSTANT_CONVERSION = YES;
				CLANG_WARN_DEPRECATED_OBJC_IMPLEMENTATIONS = YES;
				CLANG_WARN_DIRECT_OBJC_ISA_USAGE = YES_ERROR;
				CLANG_WARN_DOCUMENTATION_COMMENTS = YES;
				CLANG_WARN_EMPTY_BODY = YES;
				CLANG_WARN_ENUM_CONVERSION = YES;
				CLANG_WARN_INFINITE_RECURSION = YES;
				CLANG_WARN_INT_CONVERSION = YES;
				CLANG_WARN_NON_LITERAL_NULL_CONVERSION = YES;
				CLANG_WARN_OBJC_IMPLICIT_RETAIN_SELF = YES;
				CLANG_WARN_OBJC_LITERAL_CONVERSION = YES;
				CLANG_WARN_OBJC_ROOT_CLASS = YES_ERROR;
				CLANG_WARN_QUOTED_INCLUDE_IN_FRAMEWORK_HEADER = YES;
				CLANG_WARN_RANGE_LOOP_ANALYSIS = YES;
				CLANG_WARN_STRICT_PROTOTYPES = YES;
				CLANG_WARN_SUSPICIOUS_MOVE = YES;
				CLANG_WARN_UNGUARDED_AVAILABILITY = YES_AGGRESSIVE;
				CLANG_WARN_UNREACHABLE_CODE = YES;
				CLANG_WARN__DUPLICATE_METHOD_MATCH = YES;
				COPY_PHASE_STRIP = NO;
				DEBUG_INFORMATION_FORMAT = dwarf;
				ENABLE_STRICT_OBJC_MSGSEND = YES;
				ENABLE_TESTABILITY = YES;
				ENABLE_USER_SCRIPT_SANDBOXING = YES;
				GCC_C_LANGUAGE_STANDARD = gnu17;
				GCC_DYNAMIC_NO_PIC = NO;
				GCC_NO_COMMON_BLOCKS = YES;
				GCC_OPTIMIZATION_LEVEL = 0;
				GCC_PREPROCESSOR_DEFINITIONS = (
					"DEBUG=1",
					"$(inherited)",
				);
				GCC_WARN_64_TO_32_BIT_CONVERSION = YES;
				GCC_WARN_ABOUT_RETURN_TYPE = YES_ERROR;
				GCC_WARN_UNDECLARED_SELECTOR = YES;
				GCC_WARN_UNINITIALIZED_AUTOS = YES_AGGRESSIVE;
				GCC_WARN_UNUSED_FUNCTION = YES;
				GCC_WARN_UNUSED_VARIABLE = YES;
				IPHONEOS_DEPLOYMENT_TARGET = 17.2;
				LOCALIZATION_PREFERS_STRING_CATALOGS = YES;
				MTL_ENABLE_DEBUG_INFO = INCLUDE_SOURCE;
				MTL_FAST_MATH = YES;
				ONLY_ACTIVE_ARCH = YES;
				SDKROOT = iphoneos;
				SWIFT_ACTIVE_COMPILATION_CONDITIONS = "DEBUG $(inherited)";
				SWIFT_OPTIMIZATION_LEVEL = "-Onone";
			};
			name = Debug;
		};
		DC8BB7B82BC5F395005DA046 /* Release */ = {
			isa = XCBuildConfiguration;
			buildSettings = {
				ALWAYS_SEARCH_USER_PATHS = NO;
				ASSETCATALOG_COMPILER_GENERATE_SWIFT_ASSET_SYMBOL_EXTENSIONS = YES;
				CLANG_ANALYZER_NONNULL = YES;
				CLANG_ANALYZER_NUMBER_OBJECT_CONVERSION = YES_AGGRESSIVE;
				CLANG_CXX_LANGUAGE_STANDARD = "gnu++20";
				CLANG_ENABLE_MODULES = YES;
				CLANG_ENABLE_OBJC_ARC = YES;
				CLANG_ENABLE_OBJC_WEAK = YES;
				CLANG_WARN_BLOCK_CAPTURE_AUTORELEASING = YES;
				CLANG_WARN_BOOL_CONVERSION = YES;
				CLANG_WARN_COMMA = YES;
				CLANG_WARN_CONSTANT_CONVERSION = YES;
				CLANG_WARN_DEPRECATED_OBJC_IMPLEMENTATIONS = YES;
				CLANG_WARN_DIRECT_OBJC_ISA_USAGE = YES_ERROR;
				CLANG_WARN_DOCUMENTATION_COMMENTS = YES;
				CLANG_WARN_EMPTY_BODY = YES;
				CLANG_WARN_ENUM_CONVERSION = YES;
				CLANG_WARN_INFINITE_RECURSION = YES;
				CLANG_WARN_INT_CONVERSION = YES;
				CLANG_WARN_NON_LITERAL_NULL_CONVERSION = YES;
				CLANG_WARN_OBJC_IMPLICIT_RETAIN_SELF = YES;
				CLANG_WARN_OBJC_LITERAL_CONVERSION = YES;
				CLANG_WARN_OBJC_ROOT_CLASS = YES_ERROR;
				CLANG_WARN_QUOTED_INCLUDE_IN_FRAMEWORK_HEADER = YES;
				CLANG_WARN_RANGE_LOOP_ANALYSIS = YES;
				CLANG_WARN_STRICT_PROTOTYPES = YES;
				CLANG_WARN_SUSPICIOUS_MOVE = YES;
				CLANG_WARN_UNGUARDED_AVAILABILITY = YES_AGGRESSIVE;
				CLANG_WARN_UNREACHABLE_CODE = YES;
				CLANG_WARN__DUPLICATE_METHOD_MATCH = YES;
				COPY_PHASE_STRIP = NO;
				DEBUG_INFORMATION_FORMAT = "dwarf-with-dsym";
				ENABLE_NS_ASSERTIONS = NO;
				ENABLE_STRICT_OBJC_MSGSEND = YES;
				ENABLE_USER_SCRIPT_SANDBOXING = YES;
				GCC_C_LANGUAGE_STANDARD = gnu17;
				GCC_NO_COMMON_BLOCKS = YES;
				GCC_WARN_64_TO_32_BIT_CONVERSION = YES;
				GCC_WARN_ABOUT_RETURN_TYPE = YES_ERROR;
				GCC_WARN_UNDECLARED_SELECTOR = YES;
				GCC_WARN_UNINITIALIZED_AUTOS = YES_AGGRESSIVE;
				GCC_WARN_UNUSED_FUNCTION = YES;
				GCC_WARN_UNUSED_VARIABLE = YES;
				IPHONEOS_DEPLOYMENT_TARGET = 17.2;
				LOCALIZATION_PREFERS_STRING_CATALOGS = YES;
				MTL_ENABLE_DEBUG_INFO = NO;
				MTL_FAST_MATH = YES;
				SDKROOT = iphoneos;
				SWIFT_COMPILATION_MODE = wholemodule;
				VALIDATE_PRODUCT = YES;
			};
			name = Release;
		};
		DC8BB7BA2BC5F395005DA046 /* Debug */ = {
			isa = XCBuildConfiguration;
			buildSettings = {
				ASSETCATALOG_COMPILER_APPICON_NAME = AppIcon;
				ASSETCATALOG_COMPILER_GLOBAL_ACCENT_COLOR_NAME = AccentColor;
				CODE_SIGN_STYLE = Automatic;
				CURRENT_PROJECT_VERSION = 1;
				DEVELOPMENT_ASSET_PATHS = "\"Bookworm/Preview Content\"";
				DEVELOPMENT_TEAM = 8R6V2234F4;
				ENABLE_PREVIEWS = YES;
				GENERATE_INFOPLIST_FILE = YES;
				INFOPLIST_KEY_UIApplicationSceneManifest_Generation = YES;
				INFOPLIST_KEY_UIApplicationSupportsIndirectInputEvents = YES;
				INFOPLIST_KEY_UILaunchScreen_Generation = YES;
				INFOPLIST_KEY_UISupportedInterfaceOrientations_iPad = "UIInterfaceOrientationPortrait UIInterfaceOrientationPortraitUpsideDown UIInterfaceOrientationLandscapeLeft UIInterfaceOrientationLandscapeRight";
				INFOPLIST_KEY_UISupportedInterfaceOrientations_iPhone = "UIInterfaceOrientationPortrait UIInterfaceOrientationLandscapeLeft UIInterfaceOrientationLandscapeRight";
				LD_RUNPATH_SEARCH_PATHS = (
					"$(inherited)",
					"@executable_path/Frameworks",
				);
				MARKETING_VERSION = 1.0;
				PRODUCT_BUNDLE_IDENTIFIER = com.andresRivillas.Bookworm;
				PRODUCT_NAME = "$(TARGET_NAME)";
				SWIFT_EMIT_LOC_STRINGS = YES;
				SWIFT_VERSION = 5.0;
				TARGETED_DEVICE_FAMILY = "1,2";
			};
			name = Debug;
		};
		DC8BB7BB2BC5F395005DA046 /* Release */ = {
			isa = XCBuildConfiguration;
			buildSettings = {
				ASSETCATALOG_COMPILER_APPICON_NAME = AppIcon;
				ASSETCATALOG_COMPILER_GLOBAL_ACCENT_COLOR_NAME = AccentColor;
				CODE_SIGN_STYLE = Automatic;
				CURRENT_PROJECT_VERSION = 1;
				DEVELOPMENT_ASSET_PATHS = "\"Bookworm/Preview Content\"";
				DEVELOPMENT_TEAM = 8R6V2234F4;
				ENABLE_PREVIEWS = YES;
				GENERATE_INFOPLIST_FILE = YES;
				INFOPLIST_KEY_UIApplicationSceneManifest_Generation = YES;
				INFOPLIST_KEY_UIApplicationSupportsIndirectInputEvents = YES;
				INFOPLIST_KEY_UILaunchScreen_Generation = YES;
				INFOPLIST_KEY_UISupportedInterfaceOrientations_iPad = "UIInterfaceOrientationPortrait UIInterfaceOrientationPortraitUpsideDown UIInterfaceOrientationLandscapeLeft UIInterfaceOrientationLandscapeRight";
				INFOPLIST_KEY_UISupportedInterfaceOrientations_iPhone = "UIInterfaceOrientationPortrait UIInterfaceOrientationLandscapeLeft UIInterfaceOrientationLandscapeRight";
				LD_RUNPATH_SEARCH_PATHS = (
					"$(inherited)",
					"@executable_path/Frameworks",
				);
				MARKETING_VERSION = 1.0;
				PRODUCT_BUNDLE_IDENTIFIER = com.andresRivillas.Bookworm;
				PRODUCT_NAME = "$(TARGET_NAME)";
				SWIFT_EMIT_LOC_STRINGS = YES;
				SWIFT_VERSION = 5.0;
				TARGETED_DEVICE_FAMILY = "1,2";
			};
			name = Release;
		};
		DC8BB7BD2BC5F395005DA046 /* Debug */ = {
			isa = XCBuildConfiguration;
			buildSettings = {
				ALWAYS_EMBED_SWIFT_STANDARD_LIBRARIES = YES;
				BUNDLE_LOADER = "$(TEST_HOST)";
				CODE_SIGN_STYLE = Automatic;
				CURRENT_PROJECT_VERSION = 1;
				DEVELOPMENT_TEAM = 8R6V2234F4;
				GENERATE_INFOPLIST_FILE = YES;
				IPHONEOS_DEPLOYMENT_TARGET = 17.2;
				MARKETING_VERSION = 1.0;
				PRODUCT_BUNDLE_IDENTIFIER = com.andresRivillas.BookwormTests;
				PRODUCT_NAME = "$(TARGET_NAME)";
				SWIFT_EMIT_LOC_STRINGS = NO;
				SWIFT_VERSION = 5.0;
				TARGETED_DEVICE_FAMILY = "1,2";
				TEST_HOST = "$(BUILT_PRODUCTS_DIR)/Bookworm.app/$(BUNDLE_EXECUTABLE_FOLDER_PATH)/Bookworm";
			};
			name = Debug;
		};
		DC8BB7BE2BC5F395005DA046 /* Release */ = {
			isa = XCBuildConfiguration;
			buildSettings = {
				ALWAYS_EMBED_SWIFT_STANDARD_LIBRARIES = YES;
				BUNDLE_LOADER = "$(TEST_HOST)";
				CODE_SIGN_STYLE = Automatic;
				CURRENT_PROJECT_VERSION = 1;
				DEVELOPMENT_TEAM = 8R6V2234F4;
				GENERATE_INFOPLIST_FILE = YES;
				IPHONEOS_DEPLOYMENT_TARGET = 17.2;
				MARKETING_VERSION = 1.0;
				PRODUCT_BUNDLE_IDENTIFIER = com.andresRivillas.BookwormTests;
				PRODUCT_NAME = "$(TARGET_NAME)";
				SWIFT_EMIT_LOC_STRINGS = NO;
				SWIFT_VERSION = 5.0;
				TARGETED_DEVICE_FAMILY = "1,2";
				TEST_HOST = "$(BUILT_PRODUCTS_DIR)/Bookworm.app/$(BUNDLE_EXECUTABLE_FOLDER_PATH)/Bookworm";
			};
			name = Release;
		};
		DC8BB7C02BC5F395005DA046 /* Debug */ = {
			isa = XCBuildConfiguration;
			buildSettings = {
				ALWAYS_EMBED_SWIFT_STANDARD_LIBRARIES = YES;
				CODE_SIGN_STYLE = Automatic;
				CURRENT_PROJECT_VERSION = 1;
				DEVELOPMENT_TEAM = 8R6V2234F4;
				GENERATE_INFOPLIST_FILE = YES;
				MARKETING_VERSION = 1.0;
				PRODUCT_BUNDLE_IDENTIFIER = com.andresRivillas.BookwormUITests;
				PRODUCT_NAME = "$(TARGET_NAME)";
				SWIFT_EMIT_LOC_STRINGS = NO;
				SWIFT_VERSION = 5.0;
				TARGETED_DEVICE_FAMILY = "1,2";
				TEST_TARGET_NAME = Bookworm;
			};
			name = Debug;
		};
		DC8BB7C12BC5F395005DA046 /* Release */ = {
			isa = XCBuildConfiguration;
			buildSettings = {
				ALWAYS_EMBED_SWIFT_STANDARD_LIBRARIES = YES;
				CODE_SIGN_STYLE = Automatic;
				CURRENT_PROJECT_VERSION = 1;
				DEVELOPMENT_TEAM = 8R6V2234F4;
				GENERATE_INFOPLIST_FILE = YES;
				MARKETING_VERSION = 1.0;
				PRODUCT_BUNDLE_IDENTIFIER = com.andresRivillas.BookwormUITests;
				PRODUCT_NAME = "$(TARGET_NAME)";
				SWIFT_EMIT_LOC_STRINGS = NO;
				SWIFT_VERSION = 5.0;
				TARGETED_DEVICE_FAMILY = "1,2";
				TEST_TARGET_NAME = Bookworm;
			};
			name = Release;
		};
/* End XCBuildConfiguration section */

/* Begin XCConfigurationList section */
		DC8BB7902BC5F393005DA046 /* Build configuration list for PBXProject "Bookworm" */ = {
			isa = XCConfigurationList;
			buildConfigurations = (
				DC8BB7B72BC5F395005DA046 /* Debug */,
				DC8BB7B82BC5F395005DA046 /* Release */,
			);
			defaultConfigurationIsVisible = 0;
			defaultConfigurationName = Release;
		};
		DC8BB7B92BC5F395005DA046 /* Build configuration list for PBXNativeTarget "Bookworm" */ = {
			isa = XCConfigurationList;
			buildConfigurations = (
				DC8BB7BA2BC5F395005DA046 /* Debug */,
				DC8BB7BB2BC5F395005DA046 /* Release */,
			);
			defaultConfigurationIsVisible = 0;
			defaultConfigurationName = Release;
		};
		DC8BB7BC2BC5F395005DA046 /* Build configuration list for PBXNativeTarget "BookwormTests" */ = {
			isa = XCConfigurationList;
			buildConfigurations = (
				DC8BB7BD2BC5F395005DA046 /* Debug */,
				DC8BB7BE2BC5F395005DA046 /* Release */,
			);
			defaultConfigurationIsVisible = 0;
			defaultConfigurationName = Release;
		};
		DC8BB7BF2BC5F395005DA046 /* Build configuration list for PBXNativeTarget "BookwormUITests" */ = {
			isa = XCConfigurationList;
			buildConfigurations = (
				DC8BB7C02BC5F395005DA046 /* Debug */,
				DC8BB7C12BC5F395005DA046 /* Release */,
			);
			defaultConfigurationIsVisible = 0;
			defaultConfigurationName = Release;
		};
/* End XCConfigurationList section */
	};
	rootObject = DC8BB78D2BC5F393005DA046 /* Project object */;
}
